version = 1
requires-python = ">=3.12"

[[package]]
name = "festimagazdb"
version = "0.1.0"
source = { virtual = "." }
dependencies = [
    { name = "pypdf" },
]

[package.metadata]
requires-dist = [{ name = "pypdf", specifier = ">=5.5.0" }]

[[package]]
name = "pypdf"
version = "5.5.0"
source = { registry = "https://pypi.org/simple" }
sdist = { url = "https://files.pythonhosted.org/packages/e0/c8/543f8ae1cd9e182e9f979d9ab1df18e3445350471abadbdabc0166ae5741/pypdf-5.5.0.tar.gz", hash = "sha256:8ce6a18389f7394fd09a1d4b7a34b097b11c19088a23cfd09e5008f85893e254", size = 5021690 }
wheels = [
    { url = "https://files.pythonhosted.org/packages/a1/4e/931b90b51e3ebc69699be926b3d5bfdabae2d9c84337fd0c9fb98adbf70c/pypdf-5.5.0-py3-none-any.whl", hash = "sha256:2f61f2d32dde00471cd70b8977f98960c64e84dd5ba0d070e953fcb4da0b2a73", size = 303371 },
]
